
Microsoft Visual Studio Solution File, Format Version 12.00
# Visual Studio Version 16
VisualStudioVersion = 16.0.31702.278
MinimumVisualStudioVersion = 10.0.40219.1
Project("{FAE04EC0-301F-11D3-BF4B-00C04F79EFBC}") = "lab2", "lab2\lab2.csproj", "{6A00F637-85CE-4B81-AB8F-9868A2A49BF5}"
EndProject
Global
	GlobalSection(SolutionConfigurationPlatforms) = preSolution
		Debug|Any CPU = Debug|Any CPU
		Release|Any CPU = Release|Any CPU
	EndGlobalSection
	GlobalSection(ProjectConfigurationPlatforms) = postSolution
		{6A00F637-85CE-4B81-AB8F-9868A2A49BF5}.Debug|Any CPU.ActiveCfg = Debug|Any CPU
		{6A00F637-85CE-4B81-AB8F-9868A2A49BF5}.Debug|Any CPU.Build.0 = Debug|Any CPU
		{6A00F637-85CE-4B81-AB8F-9868A2A49BF5}.Release|Any CPU.ActiveCfg = Release|Any CPU
		{6A00F637-85CE-4B81-AB8F-9868A2A49BF5}.Release|Any CPU.Build.0 = Release|Any CPU
	EndGlobalSection
	GlobalSection(SolutionProperties) = preSolution
		HideSolutionNode = FALSE
	EndGlobalSection
	GlobalSection(ExtensibilityGlobals) = postSolution
		SolutionGuid = {E4682828-954C-478C-B225-1936E2E90613}
	EndGlobalSection
EndGlobal
